
Microsoft Visual Studio Solution File, Format Version 12.00
# Visual Studio Version 17
VisualStudioVersion = 17.8.34511.84
MinimumVisualStudioVersion = 10.0.40219.1
Project("{9A19103F-16F7-4668-BE54-9A1E7A4F7556}") = "VKMbot", "VKMbot\VKMbot.csproj", "{360DB5E7-C7D0-4DE8-9A43-0403C3FCA692}"
EndProject
Project("{FAE04EC0-301F-11D3-BF4B-00C04F79EFBC}") = "WebApplication1", "WebApplication1\WebApplication1.csproj", "{47CE932D-957E-472F-9E2B-E3EA8BF055B4}"
EndProject
Global
	GlobalSection(SolutionConfigurationPlatforms) = preSolution
		Debug|Any CPU = Debug|Any CPU
		Release|Any CPU = Release|Any CPU
	EndGlobalSection
	GlobalSection(ProjectConfigurationPlatforms) = postSolution
		{360DB5E7-C7D0-4DE8-9A43-0403C3FCA692}.Debug|Any CPU.ActiveCfg = Debug|Any CPU
		{360DB5E7-C7D0-4DE8-9A43-0403C3FCA692}.Debug|Any CPU.Build.0 = Debug|Any CPU
		{360DB5E7-C7D0-4DE8-9A43-0403C3FCA692}.Release|Any CPU.ActiveCfg = Release|Any CPU
		{360DB5E7-C7D0-4DE8-9A43-0403C3FCA692}.Release|Any CPU.Build.0 = Release|Any CPU
		{47CE932D-957E-472F-9E2B-E3EA8BF055B4}.Debug|Any CPU.ActiveCfg = Debug|Any CPU
		{47CE932D-957E-472F-9E2B-E3EA8BF055B4}.Debug|Any CPU.Build.0 = Debug|Any CPU
		{47CE932D-957E-472F-9E2B-E3EA8BF055B4}.Release|Any CPU.ActiveCfg = Release|Any CPU
		{47CE932D-957E-472F-9E2B-E3EA8BF055B4}.Release|Any CPU.Build.0 = Release|Any CPU
	EndGlobalSection
	GlobalSection(SolutionProperties) = preSolution
		HideSolutionNode = FALSE
	EndGlobalSection
	GlobalSection(ExtensibilityGlobals) = postSolution
		SolutionGuid = {AC50D8AA-4149-40A1-93ED-2125790A7CD9}
	EndGlobalSection
EndGlobal
